// !$*UTF8*$!
{
	archiveVersion = 1;
	classes = {
	};
	objectVersion = 46;
	objects = {

/* Begin PBXBuildFile section */
		AECFB3271B5D61B000FB5AC0 /* main.m in Sources */ = {isa = PBXBuildFile; fileRef = AECFB3261B5D61B000FB5AC0 /* main.m */; };
		AECFB32A1B5D61B000FB5AC0 /* AppDelegate.m in Sources */ = {isa = PBXBuildFile; fileRef = AECFB3291B5D61B000FB5AC0 /* AppDelegate.m */; };
		AECFB32D1B5D61B000FB5AC0 /* ViewController.m in Sources */ = {isa = PBXBuildFile; fileRef = AECFB32C1B5D61B000FB5AC0 /* ViewController.m */; };
		AECFB3301B5D61B000FB5AC0 /* Main.storyboard in Resources */ = {isa = PBXBuildFile; fileRef = AECFB32E1B5D61B000FB5AC0 /* Main.storyboard */; };
		AECFB3321B5D61B000FB5AC0 /* Assets.xcassets in Resources */ = {isa = PBXBuildFile; fileRef = AECFB3311B5D61B000FB5AC0 /* Assets.xcassets */; };
		AECFB3351B5D61B000FB5AC0 /* LaunchScreen.storyboard in Resources */ = {isa = PBXBuildFile; fileRef = AECFB3331B5D61B000FB5AC0 /* LaunchScreen.storyboard */; };
/* End PBXBuildFile section */

/* Begin PBXFileReference section */
		AECFB3221B5D61B000FB5AC0 /* Catty.app */ = {isa = PBXFileReference; explicitFileType = wrapper.application; includeInIndex = 0; path = Catty.app; sourceTree = BUILT_PRODUCTS_DIR; };
		AECFB3261B5D61B000FB5AC0 /* main.m */ = {isa = PBXFileReference; lastKnownFileType = sourcecode.c.objc; path = main.m; sourceTree = "<group>"; };
		AECFB3281B5D61B000FB5AC0 /* AppDelegate.h */ = {isa = PBXFileReference; lastKnownFileType = sourcecode.c.h; path = AppDelegate.h; sourceTree = "<group>"; };
		AECFB3291B5D61B000FB5AC0 /* AppDelegate.m */ = {isa = PBXFileReference; lastKnownFileType = sourcecode.c.objc; path = AppDelegate.m; sourceTree = "<group>"; };
		AECFB32B1B5D61B000FB5AC0 /* ViewController.h */ = {isa = PBXFileReference; lastKnownFileType = sourcecode.c.h; path = ViewController.h; sourceTree = "<group>"; };
		AECFB32C1B5D61B000FB5AC0 /* ViewController.m */ = {isa = PBXFileReference; lastKnownFileType = sourcecode.c.objc; path = ViewController.m; sourceTree = "<group>"; };
		AECFB32F1B5D61B000FB5AC0 /* Base */ = {isa = PBXFileReference; lastKnownFileType = file.storyboard; name = Base; path = Base.lproj/Main.storyboard; sourceTree = "<group>"; };
		AECFB3311B5D61B000FB5AC0 /* Assets.xcassets */ = {isa = PBXFileReference; lastKnownFileType = folder.assetcatalog; path = Assets.xcassets; sourceTree = "<group>"; };
		AECFB3341B5D61B000FB5AC0 /* Base */ = {isa = PBXFileReference; lastKnownFileType = file.storyboard; name = Base; path = Base.lproj/LaunchScreen.storyboard; sourceTree = "<group>"; };
		AECFB3361B5D61B100FB5AC0 /* Info.plist */ = {isa = PBXFileReference; lastKnownFileType = text.plist.xml; path = Info.plist; sourceTree = "<group>"; };
/* End PBXFileReference section */

/* Begin PBXFrameworksBuildPhase section */
		AECFB31F1B5D61B000FB5AC0 /* Frameworks */ = {
			isa = PBXFrameworksBuildPhase;
			buildActionMask = 2147483647;
			files = (
			);
			runOnlyForDeploymentPostprocessing = 0;
		};
/* End PBXFrameworksBuildPhase section */

/* Begin PBXGroup section */
		AECFB3191B5D61B000FB5AC0 = {
			isa = PBXGroup;
			children = (
				AECFB3241B5D61B000FB5AC0 /* Catty */,
				AECFB3231B5D61B000FB5AC0 /* Products */,
			);
			sourceTree = "<group>";
		};
		AECFB3231B5D61B000FB5AC0 /* Products */ = {
			isa = PBXGroup;
			children = (
				AECFB3221B5D61B000FB5AC0 /* Catty.app */,
			);
			name = Products;
			sourceTree = "<group>";
		};
		AECFB3241B5D61B000FB5AC0 /* Catty */ = {
			isa = PBXGroup;
			children = (
				AECFB3281B5D61B000FB5AC0 /* AppDelegate.h */,
				AECFB3291B5D61B000FB5AC0 /* AppDelegate.m */,
				AECFB32B1B5D61B000FB5AC0 /* ViewController.h */,
				AECFB32C1B5D61B000FB5AC0 /* ViewController.m */,
				AECFB32E1B5D61B000FB5AC0 /* Main.storyboard */,
				AECFB3311B5D61B000FB5AC0 /* Assets.xcassets */,
				AECFB3331B5D61B000FB5AC0 /* LaunchScreen.storyboard */,
				AECFB3361B5D61B100FB5AC0 /* Info.plist */,
				AECFB3251B5D61B000FB5AC0 /* Supporting Files */,
			);
			path = Catty;
			sourceTree = "<group>";
		};
		AECFB3251B5D61B000FB5AC0 /* Supporting Files */ = {
			isa = PBXGroup;
			children = (
				AECFB3261B5D61B000FB5AC0 /* main.m */,
			);
			name = "Supporting Files";
			sourceTree = "<group>";
		};
/* End PBXGroup section */

/* Begin PBXNativeTarget section */
		AECFB3211B5D61B000FB5AC0 /* Catty */ = {
			isa = PBXNativeTarget;
			buildConfigurationList = AECFB3391B5D61B100FB5AC0 /* Build configuration list for PBXNativeTarget "Catty" */;
			buildPhases = (
				AECFB31E1B5D61B000FB5AC0 /* Sources */,
				AECFB31F1B5D61B000FB5AC0 /* Frameworks */,
				AECFB3201B5D61B000FB5AC0 /* Resources */,
			);
			buildRules = (
			);
			dependencies = (
			);
			name = Catty;
			productName = Catty;
			productReference = AECFB3221B5D61B000FB5AC0 /* Catty.app */;
			productType = "com.apple.product-type.application";
		};
/* End PBXNativeTarget section */

/* Begin PBXProject section */
		AECFB31A1B5D61B000FB5AC0 /* Project object */ = {
			isa = PBXProject;
			attributes = {
				LastUpgradeCheck = 0700;
				ORGANIZATIONNAME = kingcoward;
				TargetAttributes = {
					AECFB3211B5D61B000FB5AC0 = {
						CreatedOnToolsVersion = 7.0;
					};
				};
			};
			buildConfigurationList = AECFB31D1B5D61B000FB5AC0 /* Build configuration list for PBXProject "Catty" */;
			compatibilityVersion = "Xcode 3.2";
			developmentRegion = English;
			hasScannedForEncodings = 0;
			knownRegions = (
				en,
				Base,
			);
			mainGroup = AECFB3191B5D61B000FB5AC0;
			productRefGroup = AECFB3231B5D61B000FB5AC0 /* Products */;
			projectDirPath = "";
			projectRoot = "";
			targets = (
				AECFB3211B5D61B000FB5AC0 /* Catty */,
			);
		};
/* End PBXProject section */

/* Begin PBXResourcesBuildPhase section */
		AECFB3201B5D61B000FB5AC0 /* Resources */ = {
			isa = PBXResourcesBuildPhase;
			buildActionMask = 2147483647;
			files = (
				AECFB3351B5D61B000FB5AC0 /* LaunchScreen.storyboard in Resources */,
				AECFB3321B5D61B000FB5AC0 /* Assets.xcassets in Resources */,
				AECFB3301B5D61B000FB5AC0 /* Main.storyboard in Resources */,
			);
			runOnlyForDeploymentPostprocessing = 0;
		};
/* End PBXResourcesBuildPhase section */

/* Begin PBXSourcesBuildPhase section */
		AECFB31E1B5D61B000FB5AC0 /* Sources */ = {
			isa = PBXSourcesBuildPhase;
			buildActionMask = 2147483647;
			files = (
				AECFB32D1B5D61B000FB5AC0 /* ViewController.m in Sources */,
				AECFB32A1B5D61B000FB5AC0 /* AppDelegate.m in Sources */,
				AECFB3271B5D61B000FB5AC0 /* main.m in Sources */,
			);
			runOnlyForDeploymentPostprocessing = 0;
		};
/* End PBXSourcesBuildPhase section */

/* Begin PBXVariantGroup section */
		AECFB32E1B5D61B000FB5AC0 /* Main.storyboard */ = {
			isa = PBXVariantGroup;
			children = (
				AECFB32F1B5D61B000FB5AC0 /* Base */,
			);
			name = Main.storyboard;
			sourceTree = "<group>";
		};
		AECFB3331B5D61B000FB5AC0 /* LaunchScreen.storyboard */ = {
			isa = PBXVariantGroup;
			children = (
				AECFB3341B5D61B000FB5AC0 /* Base */,
			);
			name = LaunchScreen.storyboard;
			sourceTree = "<group>";
		};
/* End PBXVariantGroup section */

/* Begin XCBuildConfiguration section */
		AECFB3371B5D61B100FB5AC0 /* Debug */ = {
			isa = XCBuildConfiguration;
			buildSettings = {
				ALWAYS_SEARCH_USER_PATHS = NO;
				CLANG_CXX_LANGUAGE_STANDARD = "gnu++0x";
				CLANG_CXX_LIBRARY = "libc++";
				CLANG_ENABLE_MODULES = YES;
				CLANG_ENABLE_OBJC_ARC = YES;
				CLANG_WARN_BOOL_CONVERSION = YES;
				CLANG_WARN_CONSTANT_CONVERSION = YES;
				CLANG_WARN_DIRECT_OBJC_ISA_USAGE = YES_ERROR;
				CLANG_WARN_EMPTY_BODY = YES;
				CLANG_WARN_ENUM_CONVERSION = YES;
				CLANG_WARN_INT_CONVERSION = YES;
				CLANG_WARN_OBJC_ROOT_CLASS = YES_ERROR;
				CLANG_WARN_UNREACHABLE_CODE = YES;
				CLANG_WARN__DUPLICATE_METHOD_MATCH = YES;
				"CODE_SIGN_IDENTITY[sdk=iphoneos*]" = "iPhone Developer";
				COPY_PHASE_STRIP = NO;
				DEBUG_INFORMATION_FORMAT = dwarf;
				ENABLE_STRICT_OBJC_MSGSEND = YES;
				ENABLE_TESTABILITY = YES;
				GCC_C_LANGUAGE_STANDARD = gnu99;
				GCC_DYNAMIC_NO_PIC = NO;
				GCC_NO_COMMON_BLOCKS = YES;
				GCC_OPTIMIZATION_LEVEL = 0;
				GCC_PREPROCESSOR_DEFINITIONS = (
					"DEBUG=1",
					"$(inherited)",
				);
				GCC_WARN_64_TO_32_BIT_CONVERSION = YES;
				GCC_WARN_ABOUT_RETURN_TYPE = YES_ERROR;
				GCC_WARN_UNDECLARED_SELECTOR = YES;
				GCC_WARN_UNINITIALIZED_AUTOS = YES_AGGRESSIVE;
				GCC_WARN_UNUSED_FUNCTION = YES;
				GCC_WARN_UNUSED_VARIABLE = YES;
				IPHONEOS_DEPLOYMENT_TARGET = 9.0;
				MTL_ENABLE_DEBUG_INFO = YES;
				ONLY_ACTIVE_ARCH = YES;
				SDKROOT = iphoneos;
				TARGETED_DEVICE_FAMILY = "1,2";
			};
			name = Debug;
		};
		AECFB3381B5D61B100FB5AC0 /* Release */ = {
			isa = XCBuildConfiguration;
			buildSettings = {
				ALWAYS_SEARCH_USER_PATHS = NO;
				CLANG_CXX_LANGUAGE_STANDARD = "gnu++0x";
				CLANG_CXX_LIBRARY = "libc++";
				CLANG_ENABLE_MODULES = YES;
				CLANG_ENABLE_OBJC_ARC = YES;
				CLANG_WARN_BOOL_CONVERSION = YES;
				CLANG_WARN_CONSTANT_CONVERSION = YES;
				CLANG_WARN_DIRECT_OBJC_ISA_USAGE = YES_ERROR;
				CLANG_WARN_EMPTY_BODY = YES;
				CLANG_WARN_ENUM_CONVERSION = YES;
				CLANG_WARN_INT_CONVERSION = YES;
				CLANG_WARN_OBJC_ROOT_CLASS = YES_ERROR;
				CLANG_WARN_UNREACHABLE_CODE = YES;
				CLANG_WARN__DUPLICATE_METHOD_MATCH = YES;
				"CODE_SIGN_IDENTITY[sdk=iphoneos*]" = "iPhone Developer";
				COPY_PHASE_STRIP = NO;
				DEBUG_INFORMATION_FORMAT = "dwarf-with-dsym";
				ENABLE_NS_ASSERTIONS = NO;
				ENABLE_STRICT_OBJC_MSGSEND = YES;
				GCC_C_LANGUAGE_STANDARD = gnu99;
				GCC_NO_COMMON_BLOCKS = YES;
				GCC_WARN_64_TO_32_BIT_CONVERSION = YES;
				GCC_WARN_ABOUT_RETURN_TYPE = YES_ERROR;
				GCC_WARN_UNDECLARED_SELECTOR = YES;
				GCC_WARN_UNINITIALIZED_AUTOS = YES_AGGRESSIVE;
				GCC_WARN_UNUSED_FUNCTION = YES;
				GCC_WARN_UNUSED_VARIABLE = YES;
				IPHONEOS_DEPLOYMENT_TARGET = 9.0;
				MTL_ENABLE_DEBUG_INFO = NO;
				SDKROOT = iphoneos;
				TARGETED_DEVICE_FAMILY = "1,2";
				VALIDATE_PRODUCT = YES;
			};
			name = Release;
		};
		AECFB33A1B5D61B100FB5AC0 /* Debug */ = {
			isa = XCBuildConfiguration;
			buildSettings = {
				ASSETCATALOG_COMPILER_APPICON_NAME = AppIcon;
				INFOPLIST_FILE = Catty/Info.plist;
				LD_RUNPATH_SEARCH_PATHS = "$(inherited) @executable_path/Frameworks";
				PRODUCT_BUNDLE_IDENTIFIER = com.kingcoward.Catty;
				PRODUCT_NAME = "$(TARGET_NAME)";
			};
			name = Debug;
		};
		AECFB33B1B5D61B100FB5AC0 /* Release */ = {
			isa = XCBuildConfiguration;
			buildSettings = {
				ASSETCATALOG_COMPILER_APPICON_NAME = AppIcon;
				INFOPLIST_FILE = Catty/Info.plist;
				LD_RUNPATH_SEARCH_PATHS = "$(inherited) @executable_path/Frameworks";
				PRODUCT_BUNDLE_IDENTIFIER = com.kingcoward.Catty;
				PRODUCT_NAME = "$(TARGET_NAME)";
			};
			name = Release;
		};
/* End XCBuildConfiguration section */

/* Begin XCConfigurationList section */
		AECFB31D1B5D61B000FB5AC0 /* Build configuration list for PBXProject "Catty" */ = {
			isa = XCConfigurationList;
			buildConfigurations = (
				AECFB3371B5D61B100FB5AC0 /* Debug */,
				AECFB3381B5D61B100FB5AC0 /* Release */,
			);
			defaultConfigurationIsVisible = 0;
			defaultConfigurationName = Release;
		};
		AECFB3391B5D61B100FB5AC0 /* Build configuration list for PBXNativeTarget "Catty" */ = {
			isa = XCConfigurationList;
			buildConfigurations = (
				AECFB33A1B5D61B100FB5AC0 /* Debug */,
				AECFB33B1B5D61B100FB5AC0 /* Release */,
			);
			defaultConfigurationIsVisible = 0;
		};
/* End XCConfigurationList section */
	};
	rootObject = AECFB31A1B5D61B000FB5AC0 /* Project object */;
}
